// !$*UTF8*$!
{
	archiveVersion = 1;
	classes = {
	};
	objectVersion = 46;
	objects = {

/* Begin PBXBuildFile section */
		223B858E1CCABDF500D8D500 /* main.m in Sources */ = {isa = PBXBuildFile; fileRef = 223B858D1CCABDF500D8D500 /* main.m */; };
		223B85911CCABDF500D8D500 /* AppDelegate.m in Sources */ = {isa = PBXBuildFile; fileRef = 223B85901CCABDF500D8D500 /* AppDelegate.m */; };
		223B85A61CCABE5800D8D500 /* DemoViewController.m in Sources */ = {isa = PBXBuildFile; fileRef = 223B85A41CCABE5800D8D500 /* DemoViewController.m */; };
		223B85A71CCABE5800D8D500 /* DemoViewController.xib in Resources */ = {isa = PBXBuildFile; fileRef = 223B85A51CCABE5800D8D500 /* DemoViewController.xib */; };
		223B85B01CCAC3F600D8D500 /* BackgroundImage.png in Resources */ = {isa = PBXBuildFile; fileRef = 223B85AA1CCAC3F600D8D500 /* BackgroundImage.png */; };
		223B85B11CCAC3F600D8D500 /* BackgroundImage@2x.png in Resources */ = {isa = PBXBuildFile; fileRef = 223B85AB1CCAC3F600D8D500 /* BackgroundImage@2x.png */; };
		223B85B21CCAC3F600D8D500 /* BackgroundImage@3x.png in Resources */ = {isa = PBXBuildFile; fileRef = 223B85AC1CCAC3F600D8D500 /* BackgroundImage@3x.png */; };
		223B85B31CCAC3F600D8D500 /* SelectorImage.png in Resources */ = {isa = PBXBuildFile; fileRef = 223B85AD1CCAC3F600D8D500 /* SelectorImage.png */; };
		223B85B41CCAC3F600D8D500 /* SelectorImage@2x.png in Resources */ = {isa = PBXBuildFile; fileRef = 223B85AE1CCAC3F600D8D500 /* SelectorImage@2x.png */; };
		223B85B51CCAC3F600D8D500 /* SelectorImage@3x.png in Resources */ = {isa = PBXBuildFile; fileRef = 223B85AF1CCAC3F600D8D500 /* SelectorImage@3x.png */; };
		223B85B81CCAC41300D8D500 /* SRVSegmentedControl.m in Sources */ = {isa = PBXBuildFile; fileRef = 223B85B71CCAC41300D8D500 /* SRVSegmentedControl.m */; };
/* End PBXBuildFile section */

/* Begin PBXFileReference section */
		223B85891CCABDF500D8D500 /* SRVSegmentedControlDemo.app */ = {isa = PBXFileReference; explicitFileType = wrapper.application; includeInIndex = 0; path = SRVSegmentedControlDemo.app; sourceTree = BUILT_PRODUCTS_DIR; };
		223B858D1CCABDF500D8D500 /* main.m */ = {isa = PBXFileReference; lastKnownFileType = sourcecode.c.objc; path = main.m; sourceTree = "<group>"; };
		223B858F1CCABDF500D8D500 /* AppDelegate.h */ = {isa = PBXFileReference; lastKnownFileType = sourcecode.c.h; path = AppDelegate.h; sourceTree = "<group>"; };
		223B85901CCABDF500D8D500 /* AppDelegate.m */ = {isa = PBXFileReference; lastKnownFileType = sourcecode.c.objc; path = AppDelegate.m; sourceTree = "<group>"; };
		223B859D1CCABDF500D8D500 /* Info.plist */ = {isa = PBXFileReference; lastKnownFileType = text.plist.xml; path = Info.plist; sourceTree = "<group>"; };
		223B85A31CCABE5800D8D500 /* DemoViewController.h */ = {isa = PBXFileReference; fileEncoding = 4; lastKnownFileType = sourcecode.c.h; path = DemoViewController.h; sourceTree = "<group>"; };
		223B85A41CCABE5800D8D500 /* DemoViewController.m */ = {isa = PBXFileReference; fileEncoding = 4; lastKnownFileType = sourcecode.c.objc; path = DemoViewController.m; sourceTree = "<group>"; };
		223B85A51CCABE5800D8D500 /* DemoViewController.xib */ = {isa = PBXFileReference; fileEncoding = 4; lastKnownFileType = file.xib; path = DemoViewController.xib; sourceTree = "<group>"; };
		223B85AA1CCAC3F600D8D500 /* BackgroundImage.png */ = {isa = PBXFileReference; lastKnownFileType = image.png; path = BackgroundImage.png; sourceTree = "<group>"; };
		223B85AB1CCAC3F600D8D500 /* BackgroundImage@2x.png */ = {isa = PBXFileReference; lastKnownFileType = image.png; path = "BackgroundImage@2x.png"; sourceTree = "<group>"; };
		223B85AC1CCAC3F600D8D500 /* BackgroundImage@3x.png */ = {isa = PBXFileReference; lastKnownFileType = image.png; path = "BackgroundImage@3x.png"; sourceTree = "<group>"; };
		223B85AD1CCAC3F600D8D500 /* SelectorImage.png */ = {isa = PBXFileReference; lastKnownFileType = image.png; path = SelectorImage.png; sourceTree = "<group>"; };
		223B85AE1CCAC3F600D8D500 /* SelectorImage@2x.png */ = {isa = PBXFileReference; lastKnownFileType = image.png; path = "SelectorImage@2x.png"; sourceTree = "<group>"; };
		223B85AF1CCAC3F600D8D500 /* SelectorImage@3x.png */ = {isa = PBXFileReference; lastKnownFileType = image.png; path = "SelectorImage@3x.png"; sourceTree = "<group>"; };
		223B85B61CCAC41300D8D500 /* SRVSegmentedControl.h */ = {isa = PBXFileReference; fileEncoding = 4; lastKnownFileType = sourcecode.c.h; name = SRVSegmentedControl.h; path = ../SRVSegmentedControl/SRVSegmentedControl.h; sourceTree = "<group>"; };
		223B85B71CCAC41300D8D500 /* SRVSegmentedControl.m */ = {isa = PBXFileReference; fileEncoding = 4; lastKnownFileType = sourcecode.c.objc; name = SRVSegmentedControl.m; path = ../SRVSegmentedControl/SRVSegmentedControl.m; sourceTree = "<group>"; };
/* End PBXFileReference section */

/* Begin PBXFrameworksBuildPhase section */
		223B85861CCABDF500D8D500 /* Frameworks */ = {
			isa = PBXFrameworksBuildPhase;
			buildActionMask = 2147483647;
			files = (
			);
			runOnlyForDeploymentPostprocessing = 0;
		};
/* End PBXFrameworksBuildPhase section */

/* Begin PBXGroup section */
		223B85801CCABDF500D8D500 = {
			isa = PBXGroup;
			children = (
				223B85A81CCABEB800D8D500 /* SRVSegmentedControl */,
				223B858B1CCABDF500D8D500 /* SRVSegmentedControlDemo */,
				223B858A1CCABDF500D8D500 /* Products */,
			);
			sourceTree = "<group>";
		};
		223B858A1CCABDF500D8D500 /* Products */ = {
			isa = PBXGroup;
			children = (
				223B85891CCABDF500D8D500 /* SRVSegmentedControlDemo.app */,
			);
			name = Products;
			sourceTree = "<group>";
		};
		223B858B1CCABDF500D8D500 /* SRVSegmentedControlDemo */ = {
			isa = PBXGroup;
			children = (
				223B858F1CCABDF500D8D500 /* AppDelegate.h */,
				223B85901CCABDF500D8D500 /* AppDelegate.m */,
				223B85A31CCABE5800D8D500 /* DemoViewController.h */,
				223B85A41CCABE5800D8D500 /* DemoViewController.m */,
				223B85A51CCABE5800D8D500 /* DemoViewController.xib */,
				223B859D1CCABDF500D8D500 /* Info.plist */,
				223B858C1CCABDF500D8D500 /* Supporting Files */,
			);
			path = SRVSegmentedControlDemo;
			sourceTree = "<group>";
		};
		223B858C1CCABDF500D8D500 /* Supporting Files */ = {
			isa = PBXGroup;
			children = (
				223B858D1CCABDF500D8D500 /* main.m */,
			);
			name = "Supporting Files";
			sourceTree = "<group>";
		};
		223B85A81CCABEB800D8D500 /* SRVSegmentedControl */ = {
			isa = PBXGroup;
			children = (
				223B85A91CCABEC500D8D500 /* Resources */,
				223B85B61CCAC41300D8D500 /* SRVSegmentedControl.h */,
				223B85B71CCAC41300D8D500 /* SRVSegmentedControl.m */,
			);
			name = SRVSegmentedControl;
			sourceTree = "<group>";
		};
		223B85A91CCABEC500D8D500 /* Resources */ = {
			isa = PBXGroup;
			children = (
				223B85AA1CCAC3F600D8D500 /* BackgroundImage.png */,
				223B85AB1CCAC3F600D8D500 /* BackgroundImage@2x.png */,
				223B85AC1CCAC3F600D8D500 /* BackgroundImage@3x.png */,
				223B85AD1CCAC3F600D8D500 /* SelectorImage.png */,
				223B85AE1CCAC3F600D8D500 /* SelectorImage@2x.png */,
				223B85AF1CCAC3F600D8D500 /* SelectorImage@3x.png */,
			);
			name = Resources;
			sourceTree = "<group>";
		};
/* End PBXGroup section */

/* Begin PBXNativeTarget section */
		223B85881CCABDF500D8D500 /* SRVSegmentedControlDemo */ = {
			isa = PBXNativeTarget;
			buildConfigurationList = 223B85A01CCABDF500D8D500 /* Build configuration list for PBXNativeTarget "SRVSegmentedControlDemo" */;
			buildPhases = (
				223B85851CCABDF500D8D500 /* Sources */,
				223B85861CCABDF500D8D500 /* Frameworks */,
				223B85871CCABDF500D8D500 /* Resources */,
			);
			buildRules = (
			);
			dependencies = (
			);
			name = SRVSegmentedControlDemo;
			productName = SRVSegmentedControlDemo;
			productReference = 223B85891CCABDF500D8D500 /* SRVSegmentedControlDemo.app */;
			productType = "com.apple.product-type.application";
		};
/* End PBXNativeTarget section */

/* Begin PBXProject section */
		223B85811CCABDF500D8D500 /* Project object */ = {
			isa = PBXProject;
			attributes = {
				LastUpgradeCheck = 0730;
				ORGANIZATIONNAME = "Integer Wars";
				TargetAttributes = {
					223B85881CCABDF500D8D500 = {
						CreatedOnToolsVersion = 7.3;
					};
				};
			};
			buildConfigurationList = 223B85841CCABDF500D8D500 /* Build configuration list for PBXProject "SRVSegmentedControlDemo" */;
			compatibilityVersion = "Xcode 3.2";
			developmentRegion = English;
			hasScannedForEncodings = 0;
			knownRegions = (
				en,
				Base,
			);
			mainGroup = 223B85801CCABDF500D8D500;
			productRefGroup = 223B858A1CCABDF500D8D500 /* Products */;
			projectDirPath = "";
			projectRoot = "";
			targets = (
				223B85881CCABDF500D8D500 /* SRVSegmentedControlDemo */,
			);
		};
/* End PBXProject section */

/* Begin PBXResourcesBuildPhase section */
		223B85871CCABDF500D8D500 /* Resources */ = {
			isa = PBXResourcesBuildPhase;
			buildActionMask = 2147483647;
			files = (
				223B85A71CCABE5800D8D500 /* DemoViewController.xib in Resources */,
				223B85B11CCAC3F600D8D500 /* BackgroundImage@2x.png in Resources */,
				223B85B31CCAC3F600D8D500 /* SelectorImage.png in Resources */,
				223B85B51CCAC3F600D8D500 /* SelectorImage@3x.png in Resources */,
				223B85B01CCAC3F600D8D500 /* BackgroundImage.png in Resources */,
				223B85B21CCAC3F600D8D500 /* BackgroundImage@3x.png in Resources */,
				223B85B41CCAC3F600D8D500 /* SelectorImage@2x.png in Resources */,
			);
			runOnlyForDeploymentPostprocessing = 0;
		};
/* End PBXResourcesBuildPhase section */

/* Begin PBXSourcesBuildPhase section */
		223B85851CCABDF500D8D500 /* Sources */ = {
			isa = PBXSourcesBuildPhase;
			buildActionMask = 2147483647;
			files = (
				223B85B81CCAC41300D8D500 /* SRVSegmentedControl.m in Sources */,
				223B85A61CCABE5800D8D500 /* DemoViewController.m in Sources */,
				223B85911CCABDF500D8D500 /* AppDelegate.m in Sources */,
				223B858E1CCABDF500D8D500 /* main.m in Sources */,
			);
			runOnlyForDeploymentPostprocessing = 0;
		};
/* End PBXSourcesBuildPhase section */

/* Begin XCBuildConfiguration section */
		223B859E1CCABDF500D8D500 /* Debug */ = {
			isa = XCBuildConfiguration;
			buildSettings = {
				ALWAYS_SEARCH_USER_PATHS = NO;
				CLANG_ANALYZER_NONNULL = YES;
				CLANG_CXX_LANGUAGE_STANDARD = "gnu++0x";
				CLANG_CXX_LIBRARY = "libc++";
				CLANG_ENABLE_MODULES = YES;
				CLANG_ENABLE_OBJC_ARC = YES;
				CLANG_WARN_BOOL_CONVERSION = YES;
				CLANG_WARN_CONSTANT_CONVERSION = YES;
				CLANG_WARN_DIRECT_OBJC_ISA_USAGE = YES_ERROR;
				CLANG_WARN_EMPTY_BODY = YES;
				CLANG_WARN_ENUM_CONVERSION = YES;
				CLANG_WARN_INT_CONVERSION = YES;
				CLANG_WARN_OBJC_ROOT_CLASS = YES_ERROR;
				CLANG_WARN_UNREACHABLE_CODE = YES;
				CLANG_WARN__DUPLICATE_METHOD_MATCH = YES;
				"CODE_SIGN_IDENTITY[sdk=iphoneos*]" = "iPhone Developer";
				COPY_PHASE_STRIP = NO;
				DEBUG_INFORMATION_FORMAT = dwarf;
				ENABLE_STRICT_OBJC_MSGSEND = YES;
				ENABLE_TESTABILITY = YES;
				GCC_C_LANGUAGE_STANDARD = gnu99;
				GCC_DYNAMIC_NO_PIC = NO;
				GCC_NO_COMMON_BLOCKS = YES;
				GCC_OPTIMIZATION_LEVEL = 0;
				GCC_PREPROCESSOR_DEFINITIONS = (
					"DEBUG=1",
					"$(inherited)",
				);
				GCC_WARN_64_TO_32_BIT_CONVERSION = YES;
				GCC_WARN_ABOUT_RETURN_TYPE = YES_ERROR;
				GCC_WARN_UNDECLARED_SELECTOR = YES;
				GCC_WARN_UNINITIALIZED_AUTOS = YES_AGGRESSIVE;
				GCC_WARN_UNUSED_FUNCTION = YES;
				GCC_WARN_UNUSED_VARIABLE = YES;
				IPHONEOS_DEPLOYMENT_TARGET = 9.3;
				MTL_ENABLE_DEBUG_INFO = YES;
				ONLY_ACTIVE_ARCH = YES;
				SDKROOT = iphoneos;
			};
			name = Debug;
		};
		223B859F1CCABDF500D8D500 /* Release */ = {
			isa = XCBuildConfiguration;
			buildSettings = {
				ALWAYS_SEARCH_USER_PATHS = NO;
				CLANG_ANALYZER_NONNULL = YES;
				CLANG_CXX_LANGUAGE_STANDARD = "gnu++0x";
				CLANG_CXX_LIBRARY = "libc++";
				CLANG_ENABLE_MODULES = YES;
				CLANG_ENABLE_OBJC_ARC = YES;
				CLANG_WARN_BOOL_CONVERSION = YES;
				CLANG_WARN_CONSTANT_CONVERSION = YES;
				CLANG_WARN_DIRECT_OBJC_ISA_USAGE = YES_ERROR;
				CLANG_WARN_EMPTY_BODY = YES;
				CLANG_WARN_ENUM_CONVERSION = YES;
				CLANG_WARN_INT_CONVERSION = YES;
				CLANG_WARN_OBJC_ROOT_CLASS = YES_ERROR;
				CLANG_WARN_UNREACHABLE_CODE = YES;
				CLANG_WARN__DUPLICATE_METHOD_MATCH = YES;
				"CODE_SIGN_IDENTITY[sdk=iphoneos*]" = "iPhone Developer";
				COPY_PHASE_STRIP = NO;
				DEBUG_INFORMATION_FORMAT = "dwarf-with-dsym";
				ENABLE_NS_ASSERTIONS = NO;
				ENABLE_STRICT_OBJC_MSGSEND = YES;
				GCC_C_LANGUAGE_STANDARD = gnu99;
				GCC_NO_COMMON_BLOCKS = YES;
				GCC_WARN_64_TO_32_BIT_CONVERSION = YES;
				GCC_WARN_ABOUT_RETURN_TYPE = YES_ERROR;
				GCC_WARN_UNDECLARED_SELECTOR = YES;
				GCC_WARN_UNINITIALIZED_AUTOS = YES_AGGRESSIVE;
				GCC_WARN_UNUSED_FUNCTION = YES;
				GCC_WARN_UNUSED_VARIABLE = YES;
				IPHONEOS_DEPLOYMENT_TARGET = 9.3;
				MTL_ENABLE_DEBUG_INFO = NO;
				SDKROOT = iphoneos;
				VALIDATE_PRODUCT = YES;
			};
			name = Release;
		};
		223B85A11CCABDF500D8D500 /* Debug */ = {
			isa = XCBuildConfiguration;
			buildSettings = {
				CODE_SIGN_IDENTITY = "iPhone Developer";
				INFOPLIST_FILE = SRVSegmentedControlDemo/Info.plist;
				LD_RUNPATH_SEARCH_PATHS = "$(inherited) @executable_path/Frameworks";
				PRODUCT_BUNDLE_IDENTIFIER = "Integer-Wars.SRVSegmentedControlDemo";
				PRODUCT_NAME = "$(TARGET_NAME)";
			};
			name = Debug;
		};
		223B85A21CCABDF500D8D500 /* Release */ = {
			isa = XCBuildConfiguration;
			buildSettings = {
				CODE_SIGN_IDENTITY = "iPhone Developer";
				INFOPLIST_FILE = SRVSegmentedControlDemo/Info.plist;
				LD_RUNPATH_SEARCH_PATHS = "$(inherited) @executable_path/Frameworks";
				PRODUCT_BUNDLE_IDENTIFIER = "Integer-Wars.SRVSegmentedControlDemo";
				PRODUCT_NAME = "$(TARGET_NAME)";
			};
			name = Release;
		};
/* End XCBuildConfiguration section */

/* Begin XCConfigurationList section */
		223B85841CCABDF500D8D500 /* Build configuration list for PBXProject "SRVSegmentedControlDemo" */ = {
			isa = XCConfigurationList;
			buildConfigurations = (
				223B859E1CCABDF500D8D500 /* Debug */,
				223B859F1CCABDF500D8D500 /* Release */,
			);
			defaultConfigurationIsVisible = 0;
			defaultConfigurationName = Release;
		};
		223B85A01CCABDF500D8D500 /* Build configuration list for PBXNativeTarget "SRVSegmentedControlDemo" */ = {
			isa = XCConfigurationList;
			buildConfigurations = (
				223B85A11CCABDF500D8D500 /* Debug */,
				223B85A21CCABDF500D8D500 /* Release */,
			);
			defaultConfigurationIsVisible = 0;
			defaultConfigurationName = Release;
		};
/* End XCConfigurationList section */
	};
	rootObject = 223B85811CCABDF500D8D500 /* Project object */;
}
